
Microsoft Visual Studio Solution File, Format Version 12.00
Project("{FAE04EC0-301F-11D3-BF4B-00C04F79EFBC}") = "Entry", "src\Entry\Entry.csproj", "{054A64C0-13BD-4658-BBB2-A0BAF872A269}"
EndProject
Project("{F2A71F9B-5D33-465A-A702-920D77279786}") = "StrangePlaces", "src\StrangePlaces\StrangePlaces.fsproj", "{5C2B5B08-6022-4E47-9963-AE32E6012BC4}"
EndProject
Global
	GlobalSection(SolutionConfigurationPlatforms) = preSolution
		Debug|Any CPU = Debug|Any CPU
		Release|Any CPU = Release|Any CPU
	EndGlobalSection
	GlobalSection(ProjectConfigurationPlatforms) = postSolution
		{054A64C0-13BD-4658-BBB2-A0BAF872A269}.Debug|Any CPU.ActiveCfg = Debug|Any CPU
		{054A64C0-13BD-4658-BBB2-A0BAF872A269}.Debug|Any CPU.Build.0 = Debug|Any CPU
		{054A64C0-13BD-4658-BBB2-A0BAF872A269}.Release|Any CPU.ActiveCfg = Release|Any CPU
		{054A64C0-13BD-4658-BBB2-A0BAF872A269}.Release|Any CPU.Build.0 = Release|Any CPU
		{5C2B5B08-6022-4E47-9963-AE32E6012BC4}.Debug|Any CPU.ActiveCfg = Debug|Any CPU
		{5C2B5B08-6022-4E47-9963-AE32E6012BC4}.Debug|Any CPU.Build.0 = Debug|Any CPU
		{5C2B5B08-6022-4E47-9963-AE32E6012BC4}.Release|Any CPU.ActiveCfg = Release|Any CPU
		{5C2B5B08-6022-4E47-9963-AE32E6012BC4}.Release|Any CPU.Build.0 = Release|Any CPU
	EndGlobalSection
EndGlobal
